// !$*UTF8*$!
{
	archiveVersion = 1;
	classes = {
	};
	objectVersion = 46;
	objects = {

/* Begin PBXBuildFile section */
		3C80A9421CE8423B00BEF317 /* AppDelegate.swift in Sources */ = {isa = PBXBuildFile; fileRef = 3C80A9411CE8423B00BEF317 /* AppDelegate.swift */; };
		3C80A9441CE8423B00BEF317 /* ViewController.swift in Sources */ = {isa = PBXBuildFile; fileRef = 3C80A9431CE8423B00BEF317 /* ViewController.swift */; };
		3C80A9471CE8423B00BEF317 /* Main.storyboard in Resources */ = {isa = PBXBuildFile; fileRef = 3C80A9451CE8423B00BEF317 /* Main.storyboard */; };
		3C80A9491CE8423B00BEF317 /* Assets.xcassets in Resources */ = {isa = PBXBuildFile; fileRef = 3C80A9481CE8423B00BEF317 /* Assets.xcassets */; };
		3C80A94C1CE8423B00BEF317 /* LaunchScreen.storyboard in Resources */ = {isa = PBXBuildFile; fileRef = 3C80A94A1CE8423B00BEF317 /* LaunchScreen.storyboard */; };
		3C80A9541CE8491B00BEF317 /* Shaders.metal in Sources */ = {isa = PBXBuildFile; fileRef = 3C80A9531CE8491B00BEF317 /* Shaders.metal */; };
/* End PBXBuildFile section */

/* Begin PBXFileReference section */
		3C80A93E1CE8423B00BEF317 /* HelloMetal.app */ = {isa = PBXFileReference; explicitFileType = wrapper.application; includeInIndex = 0; path = HelloMetal.app; sourceTree = BUILT_PRODUCTS_DIR; };
		3C80A9411CE8423B00BEF317 /* AppDelegate.swift */ = {isa = PBXFileReference; lastKnownFileType = sourcecode.swift; path = AppDelegate.swift; sourceTree = "<group>"; };
		3C80A9431CE8423B00BEF317 /* ViewController.swift */ = {isa = PBXFileReference; lastKnownFileType = sourcecode.swift; path = ViewController.swift; sourceTree = "<group>"; };
		3C80A9461CE8423B00BEF317 /* Base */ = {isa = PBXFileReference; lastKnownFileType = file.storyboard; name = Base; path = Base.lproj/Main.storyboard; sourceTree = "<group>"; };
		3C80A9481CE8423B00BEF317 /* Assets.xcassets */ = {isa = PBXFileReference; lastKnownFileType = folder.assetcatalog; path = Assets.xcassets; sourceTree = "<group>"; };
		3C80A94B1CE8423B00BEF317 /* Base */ = {isa = PBXFileReference; lastKnownFileType = file.storyboard; name = Base; path = Base.lproj/LaunchScreen.storyboard; sourceTree = "<group>"; };
		3C80A94D1CE8423B00BEF317 /* Info.plist */ = {isa = PBXFileReference; lastKnownFileType = text.plist.xml; path = Info.plist; sourceTree = "<group>"; };
		3C80A9531CE8491B00BEF317 /* Shaders.metal */ = {isa = PBXFileReference; fileEncoding = 4; lastKnownFileType = sourcecode.metal; path = Shaders.metal; sourceTree = "<group>"; };
/* End PBXFileReference section */

/* Begin PBXFrameworksBuildPhase section */
		3C80A93B1CE8423B00BEF317 /* Frameworks */ = {
			isa = PBXFrameworksBuildPhase;
			buildActionMask = 2147483647;
			files = (
			);
			runOnlyForDeploymentPostprocessing = 0;
		};
/* End PBXFrameworksBuildPhase section */

/* Begin PBXGroup section */
		3C80A9351CE8423A00BEF317 = {
			isa = PBXGroup;
			children = (
				3C80A9401CE8423B00BEF317 /* HelloMetal */,
				3C80A93F1CE8423B00BEF317 /* Products */,
			);
			sourceTree = "<group>";
		};
		3C80A93F1CE8423B00BEF317 /* Products */ = {
			isa = PBXGroup;
			children = (
				3C80A93E1CE8423B00BEF317 /* HelloMetal.app */,
			);
			name = Products;
			sourceTree = "<group>";
		};
		3C80A9401CE8423B00BEF317 /* HelloMetal */ = {
			isa = PBXGroup;
			children = (
				3C80A9411CE8423B00BEF317 /* AppDelegate.swift */,
				3C80A9431CE8423B00BEF317 /* ViewController.swift */,
				3C80A9531CE8491B00BEF317 /* Shaders.metal */,
				3C80A9451CE8423B00BEF317 /* Main.storyboard */,
				3C80A9481CE8423B00BEF317 /* Assets.xcassets */,
				3C80A94A1CE8423B00BEF317 /* LaunchScreen.storyboard */,
				3C80A94D1CE8423B00BEF317 /* Info.plist */,
			);
			path = HelloMetal;
			sourceTree = "<group>";
		};
/* End PBXGroup section */

/* Begin PBXNativeTarget section */
		3C80A93D1CE8423B00BEF317 /* HelloMetal */ = {
			isa = PBXNativeTarget;
			buildConfigurationList = 3C80A9501CE8423B00BEF317 /* Build configuration list for PBXNativeTarget "HelloMetal" */;
			buildPhases = (
				3C80A93A1CE8423B00BEF317 /* Sources */,
				3C80A93B1CE8423B00BEF317 /* Frameworks */,
				3C80A93C1CE8423B00BEF317 /* Resources */,
			);
			buildRules = (
			);
			dependencies = (
			);
			name = HelloMetal;
			productName = HelloMetal;
			productReference = 3C80A93E1CE8423B00BEF317 /* HelloMetal.app */;
			productType = "com.apple.product-type.application";
		};
/* End PBXNativeTarget section */

/* Begin PBXProject section */
		3C80A9361CE8423A00BEF317 /* Project object */ = {
			isa = PBXProject;
			attributes = {
				LastSwiftUpdateCheck = 0720;
				LastUpgradeCheck = 0720;
				ORGANIZATIONNAME = ianchengtw_ios_30_apps_in_30_days;
				TargetAttributes = {
					3C80A93D1CE8423B00BEF317 = {
						CreatedOnToolsVersion = 7.2.1;
						DevelopmentTeam = 9AC8HB536S;
					};
				};
			};
			buildConfigurationList = 3C80A9391CE8423A00BEF317 /* Build configuration list for PBXProject "HelloMetal" */;
			compatibilityVersion = "Xcode 3.2";
			developmentRegion = English;
			hasScannedForEncodings = 0;
			knownRegions = (
				en,
				Base,
			);
			mainGroup = 3C80A9351CE8423A00BEF317;
			productRefGroup = 3C80A93F1CE8423B00BEF317 /* Products */;
			projectDirPath = "";
			projectRoot = "";
			targets = (
				3C80A93D1CE8423B00BEF317 /* HelloMetal */,
			);
		};
/* End PBXProject section */

/* Begin PBXResourcesBuildPhase section */
		3C80A93C1CE8423B00BEF317 /* Resources */ = {
			isa = PBXResourcesBuildPhase;
			buildActionMask = 2147483647;
			files = (
				3C80A94C1CE8423B00BEF317 /* LaunchScreen.storyboard in Resources */,
				3C80A9491CE8423B00BEF317 /* Assets.xcassets in Resources */,
				3C80A9471CE8423B00BEF317 /* Main.storyboard in Resources */,
			);
			runOnlyForDeploymentPostprocessing = 0;
		};
/* End PBXResourcesBuildPhase section */

/* Begin PBXSourcesBuildPhase section */
		3C80A93A1CE8423B00BEF317 /* Sources */ = {
			isa = PBXSourcesBuildPhase;
			buildActionMask = 2147483647;
			files = (
				3C80A9541CE8491B00BEF317 /* Shaders.metal in Sources */,
				3C80A9441CE8423B00BEF317 /* ViewController.swift in Sources */,
				3C80A9421CE8423B00BEF317 /* AppDelegate.swift in Sources */,
			);
			runOnlyForDeploymentPostprocessing = 0;
		};
/* End PBXSourcesBuildPhase section */

/* Begin PBXVariantGroup section */
		3C80A9451CE8423B00BEF317 /* Main.storyboard */ = {
			isa = PBXVariantGroup;
			children = (
				3C80A9461CE8423B00BEF317 /* Base */,
			);
			name = Main.storyboard;
			sourceTree = "<group>";
		};
		3C80A94A1CE8423B00BEF317 /* LaunchScreen.storyboard */ = {
			isa = PBXVariantGroup;
			children = (
				3C80A94B1CE8423B00BEF317 /* Base */,
			);
			name = LaunchScreen.storyboard;
			sourceTree = "<group>";
		};
/* End PBXVariantGroup section */

/* Begin XCBuildConfiguration section */
		3C80A94E1CE8423B00BEF317 /* Debug */ = {
			isa = XCBuildConfiguration;
			buildSettings = {
				ALWAYS_SEARCH_USER_PATHS = NO;
				CLANG_CXX_LANGUAGE_STANDARD = "gnu++0x";
				CLANG_CXX_LIBRARY = "libc++";
				CLANG_ENABLE_MODULES = YES;
				CLANG_ENABLE_OBJC_ARC = YES;
				CLANG_WARN_BOOL_CONVERSION = YES;
				CLANG_WARN_CONSTANT_CONVERSION = YES;
				CLANG_WARN_DIRECT_OBJC_ISA_USAGE = YES_ERROR;
				CLANG_WARN_EMPTY_BODY = YES;
				CLANG_WARN_ENUM_CONVERSION = YES;
				CLANG_WARN_INT_CONVERSION = YES;
				CLANG_WARN_OBJC_ROOT_CLASS = YES_ERROR;
				CLANG_WARN_UNREACHABLE_CODE = YES;
				CLANG_WARN__DUPLICATE_METHOD_MATCH = YES;
				"CODE_SIGN_IDENTITY[sdk=iphoneos*]" = "iPhone Developer";
				COPY_PHASE_STRIP = NO;
				DEBUG_INFORMATION_FORMAT = dwarf;
				ENABLE_STRICT_OBJC_MSGSEND = YES;
				ENABLE_TESTABILITY = YES;
				GCC_C_LANGUAGE_STANDARD = gnu99;
				GCC_DYNAMIC_NO_PIC = NO;
				GCC_NO_COMMON_BLOCKS = YES;
				GCC_OPTIMIZATION_LEVEL = 0;
				GCC_PREPROCESSOR_DEFINITIONS = (
					"DEBUG=1",
					"$(inherited)",
				);
				GCC_WARN_64_TO_32_BIT_CONVERSION = YES;
				GCC_WARN_ABOUT_RETURN_TYPE = YES_ERROR;
				GCC_WARN_UNDECLARED_SELECTOR = YES;
				GCC_WARN_UNINITIALIZED_AUTOS = YES_AGGRESSIVE;
				GCC_WARN_UNUSED_FUNCTION = YES;
				GCC_WARN_UNUSED_VARIABLE = YES;
				IPHONEOS_DEPLOYMENT_TARGET = 9.2;
				MTL_ENABLE_DEBUG_INFO = YES;
				ONLY_ACTIVE_ARCH = YES;
				SDKROOT = iphoneos;
				SWIFT_OPTIMIZATION_LEVEL = "-Onone";
				TARGETED_DEVICE_FAMILY = "1,2";
			};
			name = Debug;
		};
		3C80A94F1CE8423B00BEF317 /* Release */ = {
			isa = XCBuildConfiguration;
			buildSettings = {
				ALWAYS_SEARCH_USER_PATHS = NO;
				CLANG_CXX_LANGUAGE_STANDARD = "gnu++0x";
				CLANG_CXX_LIBRARY = "libc++";
				CLANG_ENABLE_MODULES = YES;
				CLANG_ENABLE_OBJC_ARC = YES;
				CLANG_WARN_BOOL_CONVERSION = YES;
				CLANG_WARN_CONSTANT_CONVERSION = YES;
				CLANG_WARN_DIRECT_OBJC_ISA_USAGE = YES_ERROR;
				CLANG_WARN_EMPTY_BODY = YES;
				CLANG_WARN_ENUM_CONVERSION = YES;
				CLANG_WARN_INT_CONVERSION = YES;
				CLANG_WARN_OBJC_ROOT_CLASS = YES_ERROR;
				CLANG_WARN_UNREACHABLE_CODE = YES;
				CLANG_WARN__DUPLICATE_METHOD_MATCH = YES;
				"CODE_SIGN_IDENTITY[sdk=iphoneos*]" = "iPhone Developer";
				COPY_PHASE_STRIP = NO;
				DEBUG_INFORMATION_FORMAT = "dwarf-with-dsym";
				ENABLE_NS_ASSERTIONS = NO;
				ENABLE_STRICT_OBJC_MSGSEND = YES;
				GCC_C_LANGUAGE_STANDARD = gnu99;
				GCC_NO_COMMON_BLOCKS = YES;
				GCC_WARN_64_TO_32_BIT_CONVERSION = YES;
				GCC_WARN_ABOUT_RETURN_TYPE = YES_ERROR;
				GCC_WARN_UNDECLARED_SELECTOR = YES;
				GCC_WARN_UNINITIALIZED_AUTOS = YES_AGGRESSIVE;
				GCC_WARN_UNUSED_FUNCTION = YES;
				GCC_WARN_UNUSED_VARIABLE = YES;
				IPHONEOS_DEPLOYMENT_TARGET = 9.2;
				MTL_ENABLE_DEBUG_INFO = NO;
				SDKROOT = iphoneos;
				TARGETED_DEVICE_FAMILY = "1,2";
				VALIDATE_PRODUCT = YES;
			};
			name = Release;
		};
		3C80A9511CE8423B00BEF317 /* Debug */ = {
			isa = XCBuildConfiguration;
			buildSettings = {
				ASSETCATALOG_COMPILER_APPICON_NAME = AppIcon;
				CODE_SIGN_IDENTITY = "iPhone Developer";
				"CODE_SIGN_IDENTITY[sdk=iphoneos*]" = "iPhone Developer";
				INFOPLIST_FILE = HelloMetal/Info.plist;
				LD_RUNPATH_SEARCH_PATHS = "$(inherited) @executable_path/Frameworks";
				PRODUCT_BUNDLE_IDENTIFIER = "com.ianchengtw-ios-30-apps-in-30-days.HelloMetal";
				PRODUCT_NAME = "$(TARGET_NAME)";
				PROVISIONING_PROFILE = "";
			};
			name = Debug;
		};
		3C80A9521CE8423B00BEF317 /* Release */ = {
			isa = XCBuildConfiguration;
			buildSettings = {
				ASSETCATALOG_COMPILER_APPICON_NAME = AppIcon;
				CODE_SIGN_IDENTITY = "iPhone Developer";
				"CODE_SIGN_IDENTITY[sdk=iphoneos*]" = "iPhone Developer";
				INFOPLIST_FILE = HelloMetal/Info.plist;
				LD_RUNPATH_SEARCH_PATHS = "$(inherited) @executable_path/Frameworks";
				PRODUCT_BUNDLE_IDENTIFIER = "com.ianchengtw-ios-30-apps-in-30-days.HelloMetal";
				PRODUCT_NAME = "$(TARGET_NAME)";
				PROVISIONING_PROFILE = "";
			};
			name = Release;
		};
/* End XCBuildConfiguration section */

/* Begin XCConfigurationList section */
		3C80A9391CE8423A00BEF317 /* Build configuration list for PBXProject "HelloMetal" */ = {
			isa = XCConfigurationList;
			buildConfigurations = (
				3C80A94E1CE8423B00BEF317 /* Debug */,
				3C80A94F1CE8423B00BEF317 /* Release */,
			);
			defaultConfigurationIsVisible = 0;
			defaultConfigurationName = Release;
		};
		3C80A9501CE8423B00BEF317 /* Build configuration list for PBXNativeTarget "HelloMetal" */ = {
			isa = XCConfigurationList;
			buildConfigurations = (
				3C80A9511CE8423B00BEF317 /* Debug */,
				3C80A9521CE8423B00BEF317 /* Release */,
			);
			defaultConfigurationIsVisible = 0;
		};
/* End XCConfigurationList section */
	};
	rootObject = 3C80A9361CE8423A00BEF317 /* Project object */;
}
